// !$*UTF8*$!
{
	archiveVersion = 1;
	classes = {
	};
	objectVersion = 46;
	objects = {

/* Begin PBXBuildFile section */
		50C1083F1EC65252007AB6A5 /* main.cpp in Sources */ = {isa = PBXBuildFile; fileRef = 50C1083E1EC65252007AB6A5 /* main.cpp */; };
		50C108481EC652E7007AB6A5 /* Display.cpp in Sources */ = {isa = PBXBuildFile; fileRef = 50C108451EC652E7007AB6A5 /* Display.cpp */; };
		50C1084D1EC6585B007AB6A5 /* libopencv_highgui.3.2.0.dylib in Frameworks */ = {isa = PBXBuildFile; fileRef = 50C1084C1EC6585B007AB6A5 /* libopencv_highgui.3.2.0.dylib */; };
		50C1084E1EC65875007AB6A5 /* libopencv_core.3.2.0.dylib in Frameworks */ = {isa = PBXBuildFile; fileRef = 50C1084A1EC65833007AB6A5 /* libopencv_core.3.2.0.dylib */; };
/* End PBXBuildFile section */

/* Begin PBXCopyFilesBuildPhase section */
		50C108391EC65252007AB6A5 /* CopyFiles */ = {
			isa = PBXCopyFilesBuildPhase;
			buildActionMask = 2147483647;
			dstPath = /usr/share/man/man1/;
			dstSubfolderSpec = 0;
			files = (
			);
			runOnlyForDeploymentPostprocessing = 1;
		};
/* End PBXCopyFilesBuildPhase section */

/* Begin PBXFileReference section */
		50C1083B1EC65252007AB6A5 /* field */ = {isa = PBXFileReference; explicitFileType = "compiled.mach-o.executable"; includeInIndex = 0; path = field; sourceTree = BUILT_PRODUCTS_DIR; };
		50C1083E1EC65252007AB6A5 /* main.cpp */ = {isa = PBXFileReference; lastKnownFileType = sourcecode.cpp.cpp; path = main.cpp; sourceTree = "<group>"; };
		50C108451EC652E7007AB6A5 /* Display.cpp */ = {isa = PBXFileReference; fileEncoding = 4; lastKnownFileType = sourcecode.cpp.cpp; path = Display.cpp; sourceTree = "<group>"; };
		50C108461EC652E7007AB6A5 /* Display.hpp */ = {isa = PBXFileReference; fileEncoding = 4; lastKnownFileType = sourcecode.cpp.h; path = Display.hpp; sourceTree = "<group>"; };
		50C108471EC652E7007AB6A5 /* Field.hpp */ = {isa = PBXFileReference; fileEncoding = 4; lastKnownFileType = sourcecode.cpp.h; path = Field.hpp; sourceTree = "<group>"; };
		50C1084A1EC65833007AB6A5 /* libopencv_core.3.2.0.dylib */ = {isa = PBXFileReference; lastKnownFileType = "compiled.mach-o.dylib"; name = libopencv_core.3.2.0.dylib; path = ../../../../usr/local/Cellar/opencv3/3.2.0/lib/libopencv_core.3.2.0.dylib; sourceTree = "<group>"; };
		50C1084C1EC6585B007AB6A5 /* libopencv_highgui.3.2.0.dylib */ = {isa = PBXFileReference; lastKnownFileType = "compiled.mach-o.dylib"; name = libopencv_highgui.3.2.0.dylib; path = ../../../../usr/local/Cellar/opencv3/3.2.0/lib/libopencv_highgui.3.2.0.dylib; sourceTree = "<group>"; };
/* End PBXFileReference section */

/* Begin PBXFrameworksBuildPhase section */
		50C108381EC65252007AB6A5 /* Frameworks */ = {
			isa = PBXFrameworksBuildPhase;
			buildActionMask = 2147483647;
			files = (
				50C1084E1EC65875007AB6A5 /* libopencv_core.3.2.0.dylib in Frameworks */,
				50C1084D1EC6585B007AB6A5 /* libopencv_highgui.3.2.0.dylib in Frameworks */,
			);
			runOnlyForDeploymentPostprocessing = 0;
		};
/* End PBXFrameworksBuildPhase section */

/* Begin PBXGroup section */
		50C108321EC65252007AB6A5 = {
			isa = PBXGroup;
			children = (
				50C1083D1EC65252007AB6A5 /* field */,
				50C1083C1EC65252007AB6A5 /* Products */,
				50C108491EC65833007AB6A5 /* Frameworks */,
			);
			sourceTree = "<group>";
		};
		50C1083C1EC65252007AB6A5 /* Products */ = {
			isa = PBXGroup;
			children = (
				50C1083B1EC65252007AB6A5 /* field */,
			);
			name = Products;
			sourceTree = "<group>";
		};
		50C1083D1EC65252007AB6A5 /* field */ = {
			isa = PBXGroup;
			children = (
				50C108451EC652E7007AB6A5 /* Display.cpp */,
				50C108461EC652E7007AB6A5 /* Display.hpp */,
				50C108471EC652E7007AB6A5 /* Field.hpp */,
				50C1083E1EC65252007AB6A5 /* main.cpp */,
			);
			path = field;
			sourceTree = "<group>";
		};
		50C108491EC65833007AB6A5 /* Frameworks */ = {
			isa = PBXGroup;
			children = (
				50C1084C1EC6585B007AB6A5 /* libopencv_highgui.3.2.0.dylib */,
				50C1084A1EC65833007AB6A5 /* libopencv_core.3.2.0.dylib */,
			);
			name = Frameworks;
			sourceTree = "<group>";
		};
/* End PBXGroup section */

/* Begin PBXNativeTarget section */
		50C1083A1EC65252007AB6A5 /* field */ = {
			isa = PBXNativeTarget;
			buildConfigurationList = 50C108421EC65252007AB6A5 /* Build configuration list for PBXNativeTarget "field" */;
			buildPhases = (
				50C108371EC65252007AB6A5 /* Sources */,
				50C108381EC65252007AB6A5 /* Frameworks */,
				50C108391EC65252007AB6A5 /* CopyFiles */,
			);
			buildRules = (
			);
			dependencies = (
			);
			name = field;
			productName = field;
			productReference = 50C1083B1EC65252007AB6A5 /* field */;
			productType = "com.apple.product-type.tool";
		};
/* End PBXNativeTarget section */

/* Begin PBXProject section */
		50C108331EC65252007AB6A5 /* Project object */ = {
			isa = PBXProject;
			attributes = {
				LastUpgradeCheck = 0830;
				ORGANIZATIONNAME = "Max Lunin";
				TargetAttributes = {
					50C1083A1EC65252007AB6A5 = {
						CreatedOnToolsVersion = 8.3.2;
						ProvisioningStyle = Automatic;
					};
				};
			};
			buildConfigurationList = 50C108361EC65252007AB6A5 /* Build configuration list for PBXProject "field" */;
			compatibilityVersion = "Xcode 3.2";
			developmentRegion = English;
			hasScannedForEncodings = 0;
			knownRegions = (
				en,
			);
			mainGroup = 50C108321EC65252007AB6A5;
			productRefGroup = 50C1083C1EC65252007AB6A5 /* Products */;
			projectDirPath = "";
			projectRoot = "";
			targets = (
				50C1083A1EC65252007AB6A5 /* field */,
			);
		};
/* End PBXProject section */

/* Begin PBXSourcesBuildPhase section */
		50C108371EC65252007AB6A5 /* Sources */ = {
			isa = PBXSourcesBuildPhase;
			buildActionMask = 2147483647;
			files = (
				50C108481EC652E7007AB6A5 /* Display.cpp in Sources */,
				50C1083F1EC65252007AB6A5 /* main.cpp in Sources */,
			);
			runOnlyForDeploymentPostprocessing = 0;
		};
/* End PBXSourcesBuildPhase section */

/* Begin XCBuildConfiguration section */
		50C108401EC65252007AB6A5 /* Debug */ = {
			isa = XCBuildConfiguration;
			buildSettings = {
				ALWAYS_SEARCH_USER_PATHS = NO;
				CLANG_ANALYZER_NONNULL = YES;
				CLANG_ANALYZER_NUMBER_OBJECT_CONVERSION = YES_AGGRESSIVE;
				CLANG_CXX_LANGUAGE_STANDARD = "gnu++0x";
				CLANG_CXX_LIBRARY = "libc++";
				CLANG_ENABLE_MODULES = YES;
				CLANG_ENABLE_OBJC_ARC = YES;
				CLANG_WARN_BOOL_CONVERSION = YES;
				CLANG_WARN_CONSTANT_CONVERSION = YES;
				CLANG_WARN_DIRECT_OBJC_ISA_USAGE = YES_ERROR;
				CLANG_WARN_DOCUMENTATION_COMMENTS = YES;
				CLANG_WARN_EMPTY_BODY = YES;
				CLANG_WARN_ENUM_CONVERSION = YES;
				CLANG_WARN_INFINITE_RECURSION = YES;
				CLANG_WARN_INT_CONVERSION = YES;
				CLANG_WARN_OBJC_ROOT_CLASS = YES_ERROR;
				CLANG_WARN_SUSPICIOUS_MOVE = YES;
				CLANG_WARN_UNREACHABLE_CODE = YES;
				CLANG_WARN__DUPLICATE_METHOD_MATCH = YES;
				CODE_SIGN_IDENTITY = "-";
				COPY_PHASE_STRIP = NO;
				DEBUG_INFORMATION_FORMAT = dwarf;
				ENABLE_STRICT_OBJC_MSGSEND = YES;
				ENABLE_TESTABILITY = YES;
				GCC_C_LANGUAGE_STANDARD = gnu99;
				GCC_DYNAMIC_NO_PIC = NO;
				GCC_NO_COMMON_BLOCKS = YES;
				GCC_OPTIMIZATION_LEVEL = 0;
				GCC_PREPROCESSOR_DEFINITIONS = (
					"DEBUG=1",
					"$(inherited)",
				);
				GCC_WARN_64_TO_32_BIT_CONVERSION = YES;
				GCC_WARN_ABOUT_RETURN_TYPE = YES_ERROR;
				GCC_WARN_UNDECLARED_SELECTOR = YES;
				GCC_WARN_UNINITIALIZED_AUTOS = YES_AGGRESSIVE;
				GCC_WARN_UNUSED_FUNCTION = YES;
				GCC_WARN_UNUSED_VARIABLE = YES;
				HEADER_SEARCH_PATHS = /usr/local/Cellar/opencv3/3.2.0/include;
				LIBRARY_SEARCH_PATHS = /usr/local/Cellar/opencv3/3.2.0/lib;
				MACOSX_DEPLOYMENT_TARGET = 10.12;
				MTL_ENABLE_DEBUG_INFO = YES;
				ONLY_ACTIVE_ARCH = YES;
				SDKROOT = macosx;
			};
			name = Debug;
		};
		50C108411EC65252007AB6A5 /* Release */ = {
			isa = XCBuildConfiguration;
			buildSettings = {
				ALWAYS_SEARCH_USER_PATHS = NO;
				CLANG_ANALYZER_NONNULL = YES;
				CLANG_ANALYZER_NUMBER_OBJECT_CONVERSION = YES_AGGRESSIVE;
				CLANG_CXX_LANGUAGE_STANDARD = "gnu++0x";
				CLANG_CXX_LIBRARY = "libc++";
				CLANG_ENABLE_MODULES = YES;
				CLANG_ENABLE_OBJC_ARC = YES;
				CLANG_WARN_BOOL_CONVERSION = YES;
				CLANG_WARN_CONSTANT_CONVERSION = YES;
				CLANG_WARN_DIRECT_OBJC_ISA_USAGE = YES_ERROR;
				CLANG_WARN_DOCUMENTATION_COMMENTS = YES;
				CLANG_WARN_EMPTY_BODY = YES;
				CLANG_WARN_ENUM_CONVERSION = YES;
				CLANG_WARN_INFINITE_RECURSION = YES;
				CLANG_WARN_INT_CONVERSION = YES;
				CLANG_WARN_OBJC_ROOT_CLASS = YES_ERROR;
				CLANG_WARN_SUSPICIOUS_MOVE = YES;
				CLANG_WARN_UNREACHABLE_CODE = YES;
				CLANG_WARN__DUPLICATE_METHOD_MATCH = YES;
				CODE_SIGN_IDENTITY = "-";
				COPY_PHASE_STRIP = NO;
				DEBUG_INFORMATION_FORMAT = "dwarf-with-dsym";
				ENABLE_NS_ASSERTIONS = NO;
				ENABLE_STRICT_OBJC_MSGSEND = YES;
				GCC_C_LANGUAGE_STANDARD = gnu99;
				GCC_NO_COMMON_BLOCKS = YES;
				GCC_WARN_64_TO_32_BIT_CONVERSION = YES;
				GCC_WARN_ABOUT_RETURN_TYPE = YES_ERROR;
				GCC_WARN_UNDECLARED_SELECTOR = YES;
				GCC_WARN_UNINITIALIZED_AUTOS = YES_AGGRESSIVE;
				GCC_WARN_UNUSED_FUNCTION = YES;
				GCC_WARN_UNUSED_VARIABLE = YES;
				HEADER_SEARCH_PATHS = /usr/local/Cellar/opencv3/3.2.0/include;
				LIBRARY_SEARCH_PATHS = /usr/local/Cellar/opencv3/3.2.0/lib;
				MACOSX_DEPLOYMENT_TARGET = 10.12;
				MTL_ENABLE_DEBUG_INFO = NO;
				SDKROOT = macosx;
			};
			name = Release;
		};
		50C108431EC65252007AB6A5 /* Debug */ = {
			isa = XCBuildConfiguration;
			buildSettings = {
				PRODUCT_NAME = "$(TARGET_NAME)";
			};
			name = Debug;
		};
		50C108441EC65252007AB6A5 /* Release */ = {
			isa = XCBuildConfiguration;
			buildSettings = {
				PRODUCT_NAME = "$(TARGET_NAME)";
			};
			name = Release;
		};
/* End XCBuildConfiguration section */

/* Begin XCConfigurationList section */
		50C108361EC65252007AB6A5 /* Build configuration list for PBXProject "field" */ = {
			isa = XCConfigurationList;
			buildConfigurations = (
				50C108401EC65252007AB6A5 /* Debug */,
				50C108411EC65252007AB6A5 /* Release */,
			);
			defaultConfigurationIsVisible = 0;
			defaultConfigurationName = Release;
		};
		50C108421EC65252007AB6A5 /* Build configuration list for PBXNativeTarget "field" */ = {
			isa = XCConfigurationList;
			buildConfigurations = (
				50C108431EC65252007AB6A5 /* Debug */,
				50C108441EC65252007AB6A5 /* Release */,
			);
			defaultConfigurationIsVisible = 0;
			defaultConfigurationName = Release;
		};
/* End XCConfigurationList section */
	};
	rootObject = 50C108331EC65252007AB6A5 /* Project object */;
}
